dependencies:
- name: claif-api
  repository: file://claif-api
  version: 1.0.0
- name: claif-db
  repository: file://claif-db
  version: 1.0.0
- name: keycloak
  repository: file://keycloak
  version: 1.0.0
- name: keycloak-db
  repository: file://keycloak-db
  version: 1.0.0
- name: adminer
  repository: file://adminer
  version: 1.0.0
- name: claif-ingress
  repository: file://claif-ingress
  version: 1.0.0
digest: sha256:b5319d6132340b547e49309912a6ca13b35d78d1071b6f8019fe970cb366f920
generated: "2024-11-03T15:01:49.369467422-06:00"
