dependencies:
- name: claif-api
  repository: file://claif-api
  version: 1.0.0
- name: claif-db
  repository: file://claif-db
  version: 1.0.0
- name: keycloak
  repository: file://keycloak
  version: 1.0.0
- name: keycloak-db
  repository: file://keycloak-db
  version: 1.0.0
- name: adminer
  repository: file://adminer
  version: 1.0.0
- name: claif-ingress
  repository: file://claif-ingress
  version: 1.0.0
- name: minio
  repository: file://minio
  version: 1.0.0
digest: sha256:5f8da1e7070f9c8beb5b060ce7a38a73ca0ed58e6d08238aab81c3b5bec0d625
generated: "2024-11-07T17:42:33.848582694-06:00"
