dependencies:
- name: claif-api
  repository: file://claif-api
  version: 1.0.0
- name: claif-api-db
  repository: file://claif-api-db
  version: 1.0.0
- name: keycloak
  repository: file://keycloak
  version: 1.0.0
- name: keycloak-db
  repository: file://keycloak-db
  version: 1.0.0
- name: adminer
  repository: file://adminer
  version: 1.0.0
- name: claif-ingress
  repository: file://claif-ingress
  version: 1.0.0
digest: sha256:7fa722fcdd9b18a2a20fa1d68b4066efc9d632bd22d734f13dae8cb91acbf6fa
generated: "2024-11-03T12:17:08.869797339-06:00"
